
Microsoft Visual Studio Solution File, Format Version 12.00
# Visual Studio 15
Project("{FAE04EC0-301F-11D3-BF4B-00C04F79EFBC}") = "Assembly-CSharp", "Assembly-CSharp.csproj", "{A1FF366F-DC95-F2A8-5E6C-5A485836661D}"
EndProject
Project("{FAE04EC0-301F-11D3-BF4B-00C04F79EFBC}") = "Assembly-CSharp-Editor", "Assembly-CSharp-Editor.csproj", "{A6C999FD-3F3D-0813-B6C8-29ABB6BD35E3}"
EndProject
Global
	GlobalSection(SolutionConfigurationPlatforms) = preSolution
		Debug|Any CPU = Debug|Any CPU
		Release|Any CPU = Release|Any CPU
	EndGlobalSection
	GlobalSection(ProjectConfigurationPlatforms) = postSolution
		{A1FF366F-DC95-F2A8-5E6C-5A485836661D}.Debug|Any CPU.ActiveCfg = Debug|Any CPU
		{A1FF366F-DC95-F2A8-5E6C-5A485836661D}.Debug|Any CPU.Build.0 = Debug|Any CPU
		{A1FF366F-DC95-F2A8-5E6C-5A485836661D}.Release|Any CPU.ActiveCfg = Release|Any CPU
		{A1FF366F-DC95-F2A8-5E6C-5A485836661D}.Release|Any CPU.Build.0 = Release|Any CPU
		{A6C999FD-3F3D-0813-B6C8-29ABB6BD35E3}.Debug|Any CPU.ActiveCfg = Debug|Any CPU
		{A6C999FD-3F3D-0813-B6C8-29ABB6BD35E3}.Debug|Any CPU.Build.0 = Debug|Any CPU
		{A6C999FD-3F3D-0813-B6C8-29ABB6BD35E3}.Release|Any CPU.ActiveCfg = Release|Any CPU
		{A6C999FD-3F3D-0813-B6C8-29ABB6BD35E3}.Release|Any CPU.Build.0 = Release|Any CPU
	EndGlobalSection
	GlobalSection(SolutionProperties) = preSolution
		HideSolutionNode = FALSE
	EndGlobalSection
EndGlobal
